{
  "name": "outsource-main",
  "lockfileVersion": 3,
  "requires": true,
  "packages": {
    "": {
      "dependencies": {
        "context": "^3.0.33"
      }
    },
    "node_modules/context": {
      "version": "3.0.33",
      "resolved": "https://registry.npmjs.org/context/-/context-3.0.33.tgz",
      "integrity": "sha512-9nBbXhHVKRFLYKk3oa7W+aHt/eiGm5aIMp4Y4IwQsiAO+deRtlJ72EA8m7Cvs3v7gjjBuqKljvt2eyihVHUJoQ==",
      "license": "MIT",
      "dependencies": {
        "vest-utils": "^1.3.3"
      }
    },
    "node_modules/vest-utils": {
      "version": "1.3.3",
      "resolved": "https://registry.npmjs.org/vest-utils/-/vest-utils-1.3.3.tgz",
      "integrity": "sha512-9y+26YXjOpv89QmEXlFrTFLUMwUjAuwpimUVgb8HS3eNuBR3HEY68o4U/sPyGTh3OEvS7N502pX82WDm1zvsaA==",
      "license": "MIT"
    }
  }
}
